
Microsoft Visual Studio Solution File, Format Version 12.00
# Visual Studio Version 17
VisualStudioVersion = 17.7.34024.191
MinimumVisualStudioVersion = 10.0.40219.1
Project("{FAE04EC0-301F-11D3-BF4B-00C04F79EFBC}") = "Week2", "Week2\Week2.csproj", "{52CCD3D1-3930-4EA6-B82F-6E76940F38A3}"
EndProject
Project("{FAE04EC0-301F-11D3-BF4B-00C04F79EFBC}") = "UserGenderValidation", "UserAgeValidation\UserGenderValidation.csproj", "{C5AEA49E-1C19-4908-9B76-0194D4BBEB4D}"
EndProject
Project("{FAE04EC0-301F-11D3-BF4B-00C04F79EFBC}") = "UserAgeValidation1", "UserAgeValidation1\UserAgeValidation1.csproj", "{C6849FED-699A-43C5-89D2-0BAA0327167C}"
EndProject
Global
	GlobalSection(SolutionConfigurationPlatforms) = preSolution
		Debug|Any CPU = Debug|Any CPU
		Release|Any CPU = Release|Any CPU
	EndGlobalSection
	GlobalSection(ProjectConfigurationPlatforms) = postSolution
		{52CCD3D1-3930-4EA6-B82F-6E76940F38A3}.Debug|Any CPU.ActiveCfg = Debug|Any CPU
		{52CCD3D1-3930-4EA6-B82F-6E76940F38A3}.Debug|Any CPU.Build.0 = Debug|Any CPU
		{52CCD3D1-3930-4EA6-B82F-6E76940F38A3}.Release|Any CPU.ActiveCfg = Release|Any CPU
		{52CCD3D1-3930-4EA6-B82F-6E76940F38A3}.Release|Any CPU.Build.0 = Release|Any CPU
		{C5AEA49E-1C19-4908-9B76-0194D4BBEB4D}.Debug|Any CPU.ActiveCfg = Debug|Any CPU
		{C5AEA49E-1C19-4908-9B76-0194D4BBEB4D}.Debug|Any CPU.Build.0 = Debug|Any CPU
		{C5AEA49E-1C19-4908-9B76-0194D4BBEB4D}.Release|Any CPU.ActiveCfg = Release|Any CPU
		{C5AEA49E-1C19-4908-9B76-0194D4BBEB4D}.Release|Any CPU.Build.0 = Release|Any CPU
		{C6849FED-699A-43C5-89D2-0BAA0327167C}.Debug|Any CPU.ActiveCfg = Debug|Any CPU
		{C6849FED-699A-43C5-89D2-0BAA0327167C}.Debug|Any CPU.Build.0 = Debug|Any CPU
		{C6849FED-699A-43C5-89D2-0BAA0327167C}.Release|Any CPU.ActiveCfg = Release|Any CPU
		{C6849FED-699A-43C5-89D2-0BAA0327167C}.Release|Any CPU.Build.0 = Release|Any CPU
	EndGlobalSection
	GlobalSection(SolutionProperties) = preSolution
		HideSolutionNode = FALSE
	EndGlobalSection
	GlobalSection(ExtensibilityGlobals) = postSolution
		SolutionGuid = {B204105C-89DE-4DBB-9F6C-A4FDBC22A90C}
	EndGlobalSection
EndGlobal
